
Microsoft Visual Studio Solution File, Format Version 12.00
# Visual Studio 15
Project("{FAE04EC0-301F-11D3-BF4B-00C04F79EFBC}") = "Assembly-CSharp", "Assembly-CSharp.csproj", "{6808F011-84FD-70FB-F27B-C7607DCC52A4}"
EndProject
Project("{FAE04EC0-301F-11D3-BF4B-00C04F79EFBC}") = "Assembly-CSharp-Editor", "Assembly-CSharp-Editor.csproj", "{1A26E509-53D1-6C62-EF01-C382DF6AFA2F}"
EndProject
Global
	GlobalSection(SolutionConfigurationPlatforms) = preSolution
		Debug|Any CPU = Debug|Any CPU
		Release|Any CPU = Release|Any CPU
	EndGlobalSection
	GlobalSection(ProjectConfigurationPlatforms) = postSolution
		{6808F011-84FD-70FB-F27B-C7607DCC52A4}.Debug|Any CPU.ActiveCfg = Debug|Any CPU
		{6808F011-84FD-70FB-F27B-C7607DCC52A4}.Debug|Any CPU.Build.0 = Debug|Any CPU
		{6808F011-84FD-70FB-F27B-C7607DCC52A4}.Release|Any CPU.ActiveCfg = Release|Any CPU
		{6808F011-84FD-70FB-F27B-C7607DCC52A4}.Release|Any CPU.Build.0 = Release|Any CPU
		{1A26E509-53D1-6C62-EF01-C382DF6AFA2F}.Debug|Any CPU.ActiveCfg = Debug|Any CPU
		{1A26E509-53D1-6C62-EF01-C382DF6AFA2F}.Debug|Any CPU.Build.0 = Debug|Any CPU
		{1A26E509-53D1-6C62-EF01-C382DF6AFA2F}.Release|Any CPU.ActiveCfg = Release|Any CPU
		{1A26E509-53D1-6C62-EF01-C382DF6AFA2F}.Release|Any CPU.Build.0 = Release|Any CPU
	EndGlobalSection
	GlobalSection(SolutionProperties) = preSolution
		HideSolutionNode = FALSE
	EndGlobalSection
EndGlobal
